PODS:
  - CVCalendar (1.5.0)
  - ImageSlideshow (1.3.2):
    - ImageSlideshow/Core (= 1.3.2)
  - ImageSlideshow/Core (1.3.2)

DEPENDENCIES:
  - CVCalendar (~> 1.5.0)
  - ImageSlideshow (~> 1.3)

SPEC CHECKSUMS:
  CVCalendar: 5d51a7bda1b9439b612de69d86a91a73befa1936
  ImageSlideshow: a68a76fc618ebd2b7481ce355ad67d7097203976

PODFILE CHECKSUM: 548e9870aa22cb134f866db9ad5fc736d627d811

COCOAPODS: 1.2.1
